// !$*UTF8*$!
{
	archiveVersion = 1;
	classes = {
	};
	objectVersion = 50;
	objects = {

/* Begin PBXBuildFile section */
		22E0BA9920FDAACC00AC448B /* AppDelegate.swift in Sources */ = {isa = PBXBuildFile; fileRef = 22E0BA9820FDAACC00AC448B /* AppDelegate.swift */; };
		22E0BA9B20FDAACC00AC448B /* ViewController.swift in Sources */ = {isa = PBXBuildFile; fileRef = 22E0BA9A20FDAACC00AC448B /* ViewController.swift */; };
		22E0BA9E20FDAACC00AC448B /* Main.storyboard in Resources */ = {isa = PBXBuildFile; fileRef = 22E0BA9C20FDAACC00AC448B /* Main.storyboard */; };
		22E0BAA020FDAACF00AC448B /* Assets.xcassets in Resources */ = {isa = PBXBuildFile; fileRef = 22E0BA9F20FDAACF00AC448B /* Assets.xcassets */; };
		22E0BAA320FDAACF00AC448B /* LaunchScreen.storyboard in Resources */ = {isa = PBXBuildFile; fileRef = 22E0BAA120FDAACF00AC448B /* LaunchScreen.storyboard */; };
		22E0BAAE20FDAACF00AC448B /* PT_AppTests.swift in Sources */ = {isa = PBXBuildFile; fileRef = 22E0BAAD20FDAACF00AC448B /* PT_AppTests.swift */; };
		22E0BAB920FDAACF00AC448B /* PT_AppUITests.swift in Sources */ = {isa = PBXBuildFile; fileRef = 22E0BAB820FDAACF00AC448B /* PT_AppUITests.swift */; };
/* End PBXBuildFile section */

/* Begin PBXContainerItemProxy section */
		22E0BAAA20FDAACF00AC448B /* PBXContainerItemProxy */ = {
			isa = PBXContainerItemProxy;
			containerPortal = 22E0BA8D20FDAACC00AC448B /* Project object */;
			proxyType = 1;
			remoteGlobalIDString = 22E0BA9420FDAACC00AC448B;
			remoteInfo = PT_App;
		};
		22E0BAB520FDAACF00AC448B /* PBXContainerItemProxy */ = {
			isa = PBXContainerItemProxy;
			containerPortal = 22E0BA8D20FDAACC00AC448B /* Project object */;
			proxyType = 1;
			remoteGlobalIDString = 22E0BA9420FDAACC00AC448B;
			remoteInfo = PT_App;
		};
/* End PBXContainerItemProxy section */

/* Begin PBXFileReference section */
		22E0BA9520FDAACC00AC448B /* PT_App.app */ = {isa = PBXFileReference; explicitFileType = wrapper.application; includeInIndex = 0; path = PT_App.app; sourceTree = BUILT_PRODUCTS_DIR; };
		22E0BA9820FDAACC00AC448B /* AppDelegate.swift */ = {isa = PBXFileReference; lastKnownFileType = sourcecode.swift; path = AppDelegate.swift; sourceTree = "<group>"; };
		22E0BA9A20FDAACC00AC448B /* ViewController.swift */ = {isa = PBXFileReference; lastKnownFileType = sourcecode.swift; path = ViewController.swift; sourceTree = "<group>"; };
		22E0BA9D20FDAACC00AC448B /* Base */ = {isa = PBXFileReference; lastKnownFileType = file.storyboard; name = Base; path = Base.lproj/Main.storyboard; sourceTree = "<group>"; };
		22E0BA9F20FDAACF00AC448B /* Assets.xcassets */ = {isa = PBXFileReference; lastKnownFileType = folder.assetcatalog; path = Assets.xcassets; sourceTree = "<group>"; };
		22E0BAA220FDAACF00AC448B /* Base */ = {isa = PBXFileReference; lastKnownFileType = file.storyboard; name = Base; path = Base.lproj/LaunchScreen.storyboard; sourceTree = "<group>"; };
		22E0BAA420FDAACF00AC448B /* Info.plist */ = {isa = PBXFileReference; lastKnownFileType = text.plist.xml; path = Info.plist; sourceTree = "<group>"; };
		22E0BAA920FDAACF00AC448B /* PT_AppTests.xctest */ = {isa = PBXFileReference; explicitFileType = wrapper.cfbundle; includeInIndex = 0; path = PT_AppTests.xctest; sourceTree = BUILT_PRODUCTS_DIR; };
		22E0BAAD20FDAACF00AC448B /* PT_AppTests.swift */ = {isa = PBXFileReference; lastKnownFileType = sourcecode.swift; path = PT_AppTests.swift; sourceTree = "<group>"; };
		22E0BAAF20FDAACF00AC448B /* Info.plist */ = {isa = PBXFileReference; lastKnownFileType = text.plist.xml; path = Info.plist; sourceTree = "<group>"; };
		22E0BAB420FDAACF00AC448B /* PT_AppUITests.xctest */ = {isa = PBXFileReference; explicitFileType = wrapper.cfbundle; includeInIndex = 0; path = PT_AppUITests.xctest; sourceTree = BUILT_PRODUCTS_DIR; };
		22E0BAB820FDAACF00AC448B /* PT_AppUITests.swift */ = {isa = PBXFileReference; lastKnownFileType = sourcecode.swift; path = PT_AppUITests.swift; sourceTree = "<group>"; };
		22E0BABA20FDAACF00AC448B /* Info.plist */ = {isa = PBXFileReference; lastKnownFileType = text.plist.xml; path = Info.plist; sourceTree = "<group>"; };
/* End PBXFileReference section */

/* Begin PBXFrameworksBuildPhase section */
		22E0BA9220FDAACC00AC448B /* Frameworks */ = {
			isa = PBXFrameworksBuildPhase;
			buildActionMask = 2147483647;
			files = (
			);
			runOnlyForDeploymentPostprocessing = 0;
		};
		22E0BAA620FDAACF00AC448B /* Frameworks */ = {
			isa = PBXFrameworksBuildPhase;
			buildActionMask = 2147483647;
			files = (
			);
			runOnlyForDeploymentPostprocessing = 0;
		};
		22E0BAB120FDAACF00AC448B /* Frameworks */ = {
			isa = PBXFrameworksBuildPhase;
			buildActionMask = 2147483647;
			files = (
			);
			runOnlyForDeploymentPostprocessing = 0;
		};
/* End PBXFrameworksBuildPhase section */

/* Begin PBXGroup section */
		22E0BA8C20FDAACC00AC448B = {
			isa = PBXGroup;
			children = (
				22E0BA9720FDAACC00AC448B /* PT_App */,
				22E0BAAC20FDAACF00AC448B /* PT_AppTests */,
				22E0BAB720FDAACF00AC448B /* PT_AppUITests */,
				22E0BA9620FDAACC00AC448B /* Products */,
			);
			sourceTree = "<group>";
		};
		22E0BA9620FDAACC00AC448B /* Products */ = {
			isa = PBXGroup;
			children = (
				22E0BA9520FDAACC00AC448B /* PT_App.app */,
				22E0BAA920FDAACF00AC448B /* PT_AppTests.xctest */,
				22E0BAB420FDAACF00AC448B /* PT_AppUITests.xctest */,
			);
			name = Products;
			sourceTree = "<group>";
		};
		22E0BA9720FDAACC00AC448B /* PT_App */ = {
			isa = PBXGroup;
			children = (
				22E0BA9820FDAACC00AC448B /* AppDelegate.swift */,
				22E0BA9A20FDAACC00AC448B /* ViewController.swift */,
				22E0BA9C20FDAACC00AC448B /* Main.storyboard */,
				22E0BA9F20FDAACF00AC448B /* Assets.xcassets */,
				22E0BAA120FDAACF00AC448B /* LaunchScreen.storyboard */,
				22E0BAA420FDAACF00AC448B /* Info.plist */,
			);
			path = PT_App;
			sourceTree = "<group>";
		};
		22E0BAAC20FDAACF00AC448B /* PT_AppTests */ = {
			isa = PBXGroup;
			children = (
				22E0BAAD20FDAACF00AC448B /* PT_AppTests.swift */,
				22E0BAAF20FDAACF00AC448B /* Info.plist */,
			);
			path = PT_AppTests;
			sourceTree = "<group>";
		};
		22E0BAB720FDAACF00AC448B /* PT_AppUITests */ = {
			isa = PBXGroup;
			children = (
				22E0BAB820FDAACF00AC448B /* PT_AppUITests.swift */,
				22E0BABA20FDAACF00AC448B /* Info.plist */,
			);
			path = PT_AppUITests;
			sourceTree = "<group>";
		};
/* End PBXGroup section */

/* Begin PBXNativeTarget section */
		22E0BA9420FDAACC00AC448B /* PT_App */ = {
			isa = PBXNativeTarget;
			buildConfigurationList = 22E0BABD20FDAACF00AC448B /* Build configuration list for PBXNativeTarget "PT_App" */;
			buildPhases = (
				22E0BA9120FDAACC00AC448B /* Sources */,
				22E0BA9220FDAACC00AC448B /* Frameworks */,
				22E0BA9320FDAACC00AC448B /* Resources */,
			);
			buildRules = (
			);
			dependencies = (
			);
			name = PT_App;
			productName = PT_App;
			productReference = 22E0BA9520FDAACC00AC448B /* PT_App.app */;
			productType = "com.apple.product-type.application";
		};
		22E0BAA820FDAACF00AC448B /* PT_AppTests */ = {
			isa = PBXNativeTarget;
			buildConfigurationList = 22E0BAC020FDAACF00AC448B /* Build configuration list for PBXNativeTarget "PT_AppTests" */;
			buildPhases = (
				22E0BAA520FDAACF00AC448B /* Sources */,
				22E0BAA620FDAACF00AC448B /* Frameworks */,
				22E0BAA720FDAACF00AC448B /* Resources */,
			);
			buildRules = (
			);
			dependencies = (
				22E0BAAB20FDAACF00AC448B /* PBXTargetDependency */,
			);
			name = PT_AppTests;
			productName = PT_AppTests;
			productReference = 22E0BAA920FDAACF00AC448B /* PT_AppTests.xctest */;
			productType = "com.apple.product-type.bundle.unit-test";
		};
		22E0BAB320FDAACF00AC448B /* PT_AppUITests */ = {
			isa = PBXNativeTarget;
			buildConfigurationList = 22E0BAC320FDAACF00AC448B /* Build configuration list for PBXNativeTarget "PT_AppUITests" */;
			buildPhases = (
				22E0BAB020FDAACF00AC448B /* Sources */,
				22E0BAB120FDAACF00AC448B /* Frameworks */,
				22E0BAB220FDAACF00AC448B /* Resources */,
			);
			buildRules = (
			);
			dependencies = (
				22E0BAB620FDAACF00AC448B /* PBXTargetDependency */,
			);
			name = PT_AppUITests;
			productName = PT_AppUITests;
			productReference = 22E0BAB420FDAACF00AC448B /* PT_AppUITests.xctest */;
			productType = "com.apple.product-type.bundle.ui-testing";
		};
/* End PBXNativeTarget section */

/* Begin PBXProject section */
		22E0BA8D20FDAACC00AC448B /* Project object */ = {
			isa = PBXProject;
			attributes = {
				LastSwiftUpdateCheck = 0940;
				LastUpgradeCheck = 0940;
				ORGANIZATIONNAME = MacOS;
				TargetAttributes = {
					22E0BA9420FDAACC00AC448B = {
						CreatedOnToolsVersion = 9.4.1;
					};
					22E0BAA820FDAACF00AC448B = {
						CreatedOnToolsVersion = 9.4.1;
						TestTargetID = 22E0BA9420FDAACC00AC448B;
					};
					22E0BAB320FDAACF00AC448B = {
						CreatedOnToolsVersion = 9.4.1;
						TestTargetID = 22E0BA9420FDAACC00AC448B;
					};
				};
			};
			buildConfigurationList = 22E0BA9020FDAACC00AC448B /* Build configuration list for PBXProject "PT_App" */;
			compatibilityVersion = "Xcode 9.3";
			developmentRegion = en;
			hasScannedForEncodings = 0;
			knownRegions = (
				en,
				Base,
			);
			mainGroup = 22E0BA8C20FDAACC00AC448B;
			productRefGroup = 22E0BA9620FDAACC00AC448B /* Products */;
			projectDirPath = "";
			projectRoot = "";
			targets = (
				22E0BA9420FDAACC00AC448B /* PT_App */,
				22E0BAA820FDAACF00AC448B /* PT_AppTests */,
				22E0BAB320FDAACF00AC448B /* PT_AppUITests */,
			);
		};
/* End PBXProject section */

/* Begin PBXResourcesBuildPhase section */
		22E0BA9320FDAACC00AC448B /* Resources */ = {
			isa = PBXResourcesBuildPhase;
			buildActionMask = 2147483647;
			files = (
				22E0BAA320FDAACF00AC448B /* LaunchScreen.storyboard in Resources */,
				22E0BAA020FDAACF00AC448B /* Assets.xcassets in Resources */,
				22E0BA9E20FDAACC00AC448B /* Main.storyboard in Resources */,
			);
			runOnlyForDeploymentPostprocessing = 0;
		};
		22E0BAA720FDAACF00AC448B /* Resources */ = {
			isa = PBXResourcesBuildPhase;
			buildActionMask = 2147483647;
			files = (
			);
			runOnlyForDeploymentPostprocessing = 0;
		};
		22E0BAB220FDAACF00AC448B /* Resources */ = {
			isa = PBXResourcesBuildPhase;
			buildActionMask = 2147483647;
			files = (
			);
			runOnlyForDeploymentPostprocessing = 0;
		};
/* End PBXResourcesBuildPhase section */

/* Begin PBXSourcesBuildPhase section */
		22E0BA9120FDAACC00AC448B /* Sources */ = {
			isa = PBXSourcesBuildPhase;
			buildActionMask = 2147483647;
			files = (
				22E0BA9B20FDAACC00AC448B /* ViewController.swift in Sources */,
				22E0BA9920FDAACC00AC448B /* AppDelegate.swift in Sources */,
			);
			runOnlyForDeploymentPostprocessing = 0;
		};
		22E0BAA520FDAACF00AC448B /* Sources */ = {
			isa = PBXSourcesBuildPhase;
			buildActionMask = 2147483647;
			files = (
				22E0BAAE20FDAACF00AC448B /* PT_AppTests.swift in Sources */,
			);
			runOnlyForDeploymentPostprocessing = 0;
		};
		22E0BAB020FDAACF00AC448B /* Sources */ = {
			isa = PBXSourcesBuildPhase;
			buildActionMask = 2147483647;
			files = (
				22E0BAB920FDAACF00AC448B /* PT_AppUITests.swift in Sources */,
			);
			runOnlyForDeploymentPostprocessing = 0;
		};
/* End PBXSourcesBuildPhase section */

/* Begin PBXTargetDependency section */
		22E0BAAB20FDAACF00AC448B /* PBXTargetDependency */ = {
			isa = PBXTargetDependency;
			target = 22E0BA9420FDAACC00AC448B /* PT_App */;
			targetProxy = 22E0BAAA20FDAACF00AC448B /* PBXContainerItemProxy */;
		};
		22E0BAB620FDAACF00AC448B /* PBXTargetDependency */ = {
			isa = PBXTargetDependency;
			target = 22E0BA9420FDAACC00AC448B /* PT_App */;
			targetProxy = 22E0BAB520FDAACF00AC448B /* PBXContainerItemProxy */;
		};
/* End PBXTargetDependency section */

/* Begin PBXVariantGroup section */
		22E0BA9C20FDAACC00AC448B /* Main.storyboard */ = {
			isa = PBXVariantGroup;
			children = (
				22E0BA9D20FDAACC00AC448B /* Base */,
			);
			name = Main.storyboard;
			sourceTree = "<group>";
		};
		22E0BAA120FDAACF00AC448B /* LaunchScreen.storyboard */ = {
			isa = PBXVariantGroup;
			children = (
				22E0BAA220FDAACF00AC448B /* Base */,
			);
			name = LaunchScreen.storyboard;
			sourceTree = "<group>";
		};
/* End PBXVariantGroup section */

/* Begin XCBuildConfiguration section */
		22E0BABB20FDAACF00AC448B /* Debug */ = {
			isa = XCBuildConfiguration;
			buildSettings = {
				ALWAYS_SEARCH_USER_PATHS = NO;
				CLANG_ANALYZER_NONNULL = YES;
				CLANG_ANALYZER_NUMBER_OBJECT_CONVERSION = YES_AGGRESSIVE;
				CLANG_CXX_LANGUAGE_STANDARD = "gnu++14";
				CLANG_CXX_LIBRARY = "libc++";
				CLANG_ENABLE_MODULES = YES;
				CLANG_ENABLE_OBJC_ARC = YES;
				CLANG_ENABLE_OBJC_WEAK = YES;
				CLANG_WARN_BLOCK_CAPTURE_AUTORELEASING = YES;
				CLANG_WARN_BOOL_CONVERSION = YES;
				CLANG_WARN_COMMA = YES;
				CLANG_WARN_CONSTANT_CONVERSION = YES;
				CLANG_WARN_DEPRECATED_OBJC_IMPLEMENTATIONS = YES;
				CLANG_WARN_DIRECT_OBJC_ISA_USAGE = YES_ERROR;
				CLANG_WARN_DOCUMENTATION_COMMENTS = YES;
				CLANG_WARN_EMPTY_BODY = YES;
				CLANG_WARN_ENUM_CONVERSION = YES;
				CLANG_WARN_INFINITE_RECURSION = YES;
				CLANG_WARN_INT_CONVERSION = YES;
				CLANG_WARN_NON_LITERAL_NULL_CONVERSION = YES;
				CLANG_WARN_OBJC_IMPLICIT_RETAIN_SELF = YES;
				CLANG_WARN_OBJC_LITERAL_CONVERSION = YES;
				CLANG_WARN_OBJC_ROOT_CLASS = YES_ERROR;
				CLANG_WARN_RANGE_LOOP_ANALYSIS = YES;
				CLANG_WARN_STRICT_PROTOTYPES = YES;
				CLANG_WARN_SUSPICIOUS_MOVE = YES;
				CLANG_WARN_UNGUARDED_AVAILABILITY = YES_AGGRESSIVE;
				CLANG_WARN_UNREACHABLE_CODE = YES;
				CLANG_WARN__DUPLICATE_METHOD_MATCH = YES;
				CODE_SIGN_IDENTITY = "iPhone Developer";
				COPY_PHASE_STRIP = NO;
				DEBUG_INFORMATION_FORMAT = dwarf;
				ENABLE_STRICT_OBJC_MSGSEND = YES;
				ENABLE_TESTABILITY = YES;
				GCC_C_LANGUAGE_STANDARD = gnu11;
				GCC_DYNAMIC_NO_PIC = NO;
				GCC_NO_COMMON_BLOCKS = YES;
				GCC_OPTIMIZATION_LEVEL = 0;
				GCC_PREPROCESSOR_DEFINITIONS = (
					"DEBUG=1",
					"$(inherited)",
				);
				GCC_WARN_64_TO_32_BIT_CONVERSION = YES;
				GCC_WARN_ABOUT_RETURN_TYPE = YES_ERROR;
				GCC_WARN_UNDECLARED_SELECTOR = YES;
				GCC_WARN_UNINITIALIZED_AUTOS = YES_AGGRESSIVE;
				GCC_WARN_UNUSED_FUNCTION = YES;
				GCC_WARN_UNUSED_VARIABLE = YES;
				IPHONEOS_DEPLOYMENT_TARGET = 11.4;
				MTL_ENABLE_DEBUG_INFO = YES;
				ONLY_ACTIVE_ARCH = YES;
				SDKROOT = iphoneos;
				SWIFT_ACTIVE_COMPILATION_CONDITIONS = DEBUG;
				SWIFT_OPTIMIZATION_LEVEL = "-Onone";
			};
			name = Debug;
		};
		22E0BABC20FDAACF00AC448B /* Release */ = {
			isa = XCBuildConfiguration;
			buildSettings = {
				ALWAYS_SEARCH_USER_PATHS = NO;
				CLANG_ANALYZER_NONNULL = YES;
				CLANG_ANALYZER_NUMBER_OBJECT_CONVERSION = YES_AGGRESSIVE;
				CLANG_CXX_LANGUAGE_STANDARD = "gnu++14";
				CLANG_CXX_LIBRARY = "libc++";
				CLANG_ENABLE_MODULES = YES;
				CLANG_ENABLE_OBJC_ARC = YES;
				CLANG_ENABLE_OBJC_WEAK = YES;
				CLANG_WARN_BLOCK_CAPTURE_AUTORELEASING = YES;
				CLANG_WARN_BOOL_CONVERSION = YES;
				CLANG_WARN_COMMA = YES;
				CLANG_WARN_CONSTANT_CONVERSION = YES;
				CLANG_WARN_DEPRECATED_OBJC_IMPLEMENTATIONS = YES;
				CLANG_WARN_DIRECT_OBJC_ISA_USAGE = YES_ERROR;
				CLANG_WARN_DOCUMENTATION_COMMENTS = YES;
				CLANG_WARN_EMPTY_BODY = YES;
				CLANG_WARN_ENUM_CONVERSION = YES;
				CLANG_WARN_INFINITE_RECURSION = YES;
				CLANG_WARN_INT_CONVERSION = YES;
				CLANG_WARN_NON_LITERAL_NULL_CONVERSION = YES;
				CLANG_WARN_OBJC_IMPLICIT_RETAIN_SELF = YES;
				CLANG_WARN_OBJC_LITERAL_CONVERSION = YES;
				CLANG_WARN_OBJC_ROOT_CLASS = YES_ERROR;
				CLANG_WARN_RANGE_LOOP_ANALYSIS = YES;
				CLANG_WARN_STRICT_PROTOTYPES = YES;
				CLANG_WARN_SUSPICIOUS_MOVE = YES;
				CLANG_WARN_UNGUARDED_AVAILABILITY = YES_AGGRESSIVE;
				CLANG_WARN_UNREACHABLE_CODE = YES;
				CLANG_WARN__DUPLICATE_METHOD_MATCH = YES;
				CODE_SIGN_IDENTITY = "iPhone Developer";
				COPY_PHASE_STRIP = NO;
				DEBUG_INFORMATION_FORMAT = "dwarf-with-dsym";
				ENABLE_NS_ASSERTIONS = NO;
				ENABLE_STRICT_OBJC_MSGSEND = YES;
				GCC_C_LANGUAGE_STANDARD = gnu11;
				GCC_NO_COMMON_BLOCKS = YES;
				GCC_WARN_64_TO_32_BIT_CONVERSION = YES;
				GCC_WARN_ABOUT_RETURN_TYPE = YES_ERROR;
				GCC_WARN_UNDECLARED_SELECTOR = YES;
				GCC_WARN_UNINITIALIZED_AUTOS = YES_AGGRESSIVE;
				GCC_WARN_UNUSED_FUNCTION = YES;
				GCC_WARN_UNUSED_VARIABLE = YES;
				IPHONEOS_DEPLOYMENT_TARGET = 11.4;
				MTL_ENABLE_DEBUG_INFO = NO;
				SDKROOT = iphoneos;
				SWIFT_COMPILATION_MODE = wholemodule;
				SWIFT_OPTIMIZATION_LEVEL = "-O";
				VALIDATE_PRODUCT = YES;
			};
			name = Release;
		};
		22E0BABE20FDAACF00AC448B /* Debug */ = {
			isa = XCBuildConfiguration;
			buildSettings = {
				ASSETCATALOG_COMPILER_APPICON_NAME = AppIcon;
				CODE_SIGN_STYLE = Automatic;
				INFOPLIST_FILE = PT_App/Info.plist;
				LD_RUNPATH_SEARCH_PATHS = (
					"$(inherited)",
					"@executable_path/Frameworks",
				);
				PRODUCT_BUNDLE_IDENTIFIER = "W-K.PT-App";
				PRODUCT_NAME = "$(TARGET_NAME)";
				SWIFT_VERSION = 4.0;
				TARGETED_DEVICE_FAMILY = "1,2";
			};
			name = Debug;
		};
		22E0BABF20FDAACF00AC448B /* Release */ = {
			isa = XCBuildConfiguration;
			buildSettings = {
				ASSETCATALOG_COMPILER_APPICON_NAME = AppIcon;
				CODE_SIGN_STYLE = Automatic;
				INFOPLIST_FILE = PT_App/Info.plist;
				LD_RUNPATH_SEARCH_PATHS = (
					"$(inherited)",
					"@executable_path/Frameworks",
				);
				PRODUCT_BUNDLE_IDENTIFIER = "W-K.PT-App";
				PRODUCT_NAME = "$(TARGET_NAME)";
				SWIFT_VERSION = 4.0;
				TARGETED_DEVICE_FAMILY = "1,2";
			};
			name = Release;
		};
		22E0BAC120FDAACF00AC448B /* Debug */ = {
			isa = XCBuildConfiguration;
			buildSettings = {
				ALWAYS_EMBED_SWIFT_STANDARD_LIBRARIES = YES;
				BUNDLE_LOADER = "$(TEST_HOST)";
				CODE_SIGN_STYLE = Automatic;
				INFOPLIST_FILE = PT_AppTests/Info.plist;
				LD_RUNPATH_SEARCH_PATHS = (
					"$(inherited)",
					"@executable_path/Frameworks",
					"@loader_path/Frameworks",
				);
				PRODUCT_BUNDLE_IDENTIFIER = "W-K.PT-AppTests";
				PRODUCT_NAME = "$(TARGET_NAME)";
				SWIFT_VERSION = 4.0;
				TARGETED_DEVICE_FAMILY = "1,2";
				TEST_HOST = "$(BUILT_PRODUCTS_DIR)/PT_App.app/PT_App";
			};
			name = Debug;
		};
		22E0BAC220FDAACF00AC448B /* Release */ = {
			isa = XCBuildConfiguration;
			buildSettings = {
				ALWAYS_EMBED_SWIFT_STANDARD_LIBRARIES = YES;
				BUNDLE_LOADER = "$(TEST_HOST)";
				CODE_SIGN_STYLE = Automatic;
				INFOPLIST_FILE = PT_AppTests/Info.plist;
				LD_RUNPATH_SEARCH_PATHS = (
					"$(inherited)",
					"@executable_path/Frameworks",
					"@loader_path/Frameworks",
				);
				PRODUCT_BUNDLE_IDENTIFIER = "W-K.PT-AppTests";
				PRODUCT_NAME = "$(TARGET_NAME)";
				SWIFT_VERSION = 4.0;
				TARGETED_DEVICE_FAMILY = "1,2";
				TEST_HOST = "$(BUILT_PRODUCTS_DIR)/PT_App.app/PT_App";
			};
			name = Release;
		};
		22E0BAC420FDAACF00AC448B /* Debug */ = {
			isa = XCBuildConfiguration;
			buildSettings = {
				ALWAYS_EMBED_SWIFT_STANDARD_LIBRARIES = YES;
				CODE_SIGN_STYLE = Automatic;
				INFOPLIST_FILE = PT_AppUITests/Info.plist;
				LD_RUNPATH_SEARCH_PATHS = (
					"$(inherited)",
					"@executable_path/Frameworks",
					"@loader_path/Frameworks",
				);
				PRODUCT_BUNDLE_IDENTIFIER = "W-K.PT-AppUITests";
				PRODUCT_NAME = "$(TARGET_NAME)";
				SWIFT_VERSION = 4.0;
				TARGETED_DEVICE_FAMILY = "1,2";
				TEST_TARGET_NAME = PT_App;
			};
			name = Debug;
		};
		22E0BAC520FDAACF00AC448B /* Release */ = {
			isa = XCBuildConfiguration;
			buildSettings = {
				ALWAYS_EMBED_SWIFT_STANDARD_LIBRARIES = YES;
				CODE_SIGN_STYLE = Automatic;
				INFOPLIST_FILE = PT_AppUITests/Info.plist;
				LD_RUNPATH_SEARCH_PATHS = (
					"$(inherited)",
					"@executable_path/Frameworks",
					"@loader_path/Frameworks",
				);
				PRODUCT_BUNDLE_IDENTIFIER = "W-K.PT-AppUITests";
				PRODUCT_NAME = "$(TARGET_NAME)";
				SWIFT_VERSION = 4.0;
				TARGETED_DEVICE_FAMILY = "1,2";
				TEST_TARGET_NAME = PT_App;
			};
			name = Release;
		};
/* End XCBuildConfiguration section */

/* Begin XCConfigurationList section */
		22E0BA9020FDAACC00AC448B /* Build configuration list for PBXProject "PT_App" */ = {
			isa = XCConfigurationList;
			buildConfigurations = (
				22E0BABB20FDAACF00AC448B /* Debug */,
				22E0BABC20FDAACF00AC448B /* Release */,
			);
			defaultConfigurationIsVisible = 0;
			defaultConfigurationName = Release;
		};
		22E0BABD20FDAACF00AC448B /* Build configuration list for PBXNativeTarget "PT_App" */ = {
			isa = XCConfigurationList;
			buildConfigurations = (
				22E0BABE20FDAACF00AC448B /* Debug */,
				22E0BABF20FDAACF00AC448B /* Release */,
			);
			defaultConfigurationIsVisible = 0;
			defaultConfigurationName = Release;
		};
		22E0BAC020FDAACF00AC448B /* Build configuration list for PBXNativeTarget "PT_AppTests" */ = {
			isa = XCConfigurationList;
			buildConfigurations = (
				22E0BAC120FDAACF00AC448B /* Debug */,
				22E0BAC220FDAACF00AC448B /* Release */,
			);
			defaultConfigurationIsVisible = 0;
			defaultConfigurationName = Release;
		};
		22E0BAC320FDAACF00AC448B /* Build configuration list for PBXNativeTarget "PT_AppUITests" */ = {
			isa = XCConfigurationList;
			buildConfigurations = (
				22E0BAC420FDAACF00AC448B /* Debug */,
				22E0BAC520FDAACF00AC448B /* Release */,
			);
			defaultConfigurationIsVisible = 0;
			defaultConfigurationName = Release;
		};
/* End XCConfigurationList section */
	};
	rootObject = 22E0BA8D20FDAACC00AC448B /* Project object */;
}
